
Microsoft Visual Studio Solution File, Format Version 12.00
# Visual Studio Version 16
VisualStudioVersion = 16.0.33027.164
MinimumVisualStudioVersion = 10.0.40219.1
Project("{8BC9CEB8-8B4A-11D0-8D11-00A0C91BC942}") = "ukol_4", "ukol_4\ukol_4.vcxproj", "{731390B4-C92F-466F-A849-C5197AFB780D}"
EndProject
Global
	GlobalSection(SolutionConfigurationPlatforms) = preSolution
		Debug|x64 = Debug|x64
		Debug|x86 = Debug|x86
		Release|x64 = Release|x64
		Release|x86 = Release|x86
	EndGlobalSection
	GlobalSection(ProjectConfigurationPlatforms) = postSolution
		{731390B4-C92F-466F-A849-C5197AFB780D}.Debug|x64.ActiveCfg = Debug|x64
		{731390B4-C92F-466F-A849-C5197AFB780D}.Debug|x64.Build.0 = Debug|x64
		{731390B4-C92F-466F-A849-C5197AFB780D}.Debug|x86.ActiveCfg = Debug|Win32
		{731390B4-C92F-466F-A849-C5197AFB780D}.Debug|x86.Build.0 = Debug|Win32
		{731390B4-C92F-466F-A849-C5197AFB780D}.Release|x64.ActiveCfg = Release|x64
		{731390B4-C92F-466F-A849-C5197AFB780D}.Release|x64.Build.0 = Release|x64
		{731390B4-C92F-466F-A849-C5197AFB780D}.Release|x86.ActiveCfg = Release|Win32
		{731390B4-C92F-466F-A849-C5197AFB780D}.Release|x86.Build.0 = Release|Win32
	EndGlobalSection
	GlobalSection(SolutionProperties) = preSolution
		HideSolutionNode = FALSE
	EndGlobalSection
	GlobalSection(ExtensibilityGlobals) = postSolution
		SolutionGuid = {B06B358A-56DF-49E8-9AEB-4E564EAF6233}
	EndGlobalSection
EndGlobal
